
Microsoft Visual Studio Solution File, Format Version 12.00
# Visual Studio 15
Project("{FAE04EC0-301F-11D3-BF4B-00C04F79EFBC}") = "Lab1CV", "Lab1CV\Lab1CV.csproj", "{2CA57026-2B8B-46BD-9F98-A42427FEE37B}"
EndProject
Global
	GlobalSection(SolutionConfigurationPlatforms) = preSolution
		Debug|anycpu = Debug|anycpu
		Release|anycpu = Release|anycpu
	EndGlobalSection
	GlobalSection(ProjectConfigurationPlatforms) = postSolution
		{2CA57026-2B8B-46BD-9F98-A42427FEE37B}.Debug|anycpu.ActiveCfg = Debug|anycpu
		{2CA57026-2B8B-46BD-9F98-A42427FEE37B}.Debug|anycpu.Build.0 = Debug|anycpu
		{2CA57026-2B8B-46BD-9F98-A42427FEE37B}.Release|anycpu.ActiveCfg = Release|anycpu
		{2CA57026-2B8B-46BD-9F98-A42427FEE37B}.Release|anycpu.Build.0 = Release|anycpu
	EndGlobalSection
EndGlobal
